
Microsoft Visual Studio Solution File, Format Version 12.00
# Visual Studio Version 16
VisualStudioVersion = 16.0.31205.134
MinimumVisualStudioVersion = 10.0.40219.1
Project("{9A19103F-16F7-4668-BE54-9A1E7A4F7556}") = "L_Business", "L_Business\L_Business.csproj", "{8EE04B76-43B7-4EED-83A0-B2FDE74E352C}"
EndProject
Project("{9A19103F-16F7-4668-BE54-9A1E7A4F7556}") = "L_DataAccess", "L_DataAccess\L_DataAccess.csproj", "{19051A87-E84F-464A-8D68-618D6240406B}"
EndProject
Project("{9A19103F-16F7-4668-BE54-9A1E7A4F7556}") = "L_Presentation", "L_Presentation\L_Presentation.csproj", "{6A3CFF37-B19C-4BBC-A9BA-B65AF06B090B}"
EndProject
Global
	GlobalSection(SolutionConfigurationPlatforms) = preSolution
		Debug|Any CPU = Debug|Any CPU
		Release|Any CPU = Release|Any CPU
	EndGlobalSection
	GlobalSection(ProjectConfigurationPlatforms) = postSolution
		{8EE04B76-43B7-4EED-83A0-B2FDE74E352C}.Debug|Any CPU.ActiveCfg = Debug|Any CPU
		{8EE04B76-43B7-4EED-83A0-B2FDE74E352C}.Debug|Any CPU.Build.0 = Debug|Any CPU
		{8EE04B76-43B7-4EED-83A0-B2FDE74E352C}.Release|Any CPU.ActiveCfg = Release|Any CPU
		{8EE04B76-43B7-4EED-83A0-B2FDE74E352C}.Release|Any CPU.Build.0 = Release|Any CPU
		{19051A87-E84F-464A-8D68-618D6240406B}.Debug|Any CPU.ActiveCfg = Debug|Any CPU
		{19051A87-E84F-464A-8D68-618D6240406B}.Debug|Any CPU.Build.0 = Debug|Any CPU
		{19051A87-E84F-464A-8D68-618D6240406B}.Release|Any CPU.ActiveCfg = Release|Any CPU
		{19051A87-E84F-464A-8D68-618D6240406B}.Release|Any CPU.Build.0 = Release|Any CPU
		{6A3CFF37-B19C-4BBC-A9BA-B65AF06B090B}.Debug|Any CPU.ActiveCfg = Debug|Any CPU
		{6A3CFF37-B19C-4BBC-A9BA-B65AF06B090B}.Debug|Any CPU.Build.0 = Debug|Any CPU
		{6A3CFF37-B19C-4BBC-A9BA-B65AF06B090B}.Release|Any CPU.ActiveCfg = Release|Any CPU
		{6A3CFF37-B19C-4BBC-A9BA-B65AF06B090B}.Release|Any CPU.Build.0 = Release|Any CPU
	EndGlobalSection
	GlobalSection(SolutionProperties) = preSolution
		HideSolutionNode = FALSE
	EndGlobalSection
	GlobalSection(ExtensibilityGlobals) = postSolution
		SolutionGuid = {CF89A4D1-7279-48DB-A57F-42E2B02E4E81}
	EndGlobalSection
EndGlobal
